{
  "name": "src",
  "version": "1.0.0",
  "lockfileVersion": 3,
  "requires": true,
  "packages": {
    "": {
      "name": "src",
      "version": "1.0.0",
      "license": "ISC",
      "dependencies": {
        "@aws-sdk/util-dynamodb": "^3.279.0",
        "@prisma/client": "^4.10.1"
      }
    },
    "node_modules/@aws-sdk/util-dynamodb": {
      "version": "3.279.0",
      "resolved": "https://registry.npmjs.org/@aws-sdk/util-dynamodb/-/util-dynamodb-3.279.0.tgz",
      "integrity": "sha512-1/qclDgmaTrKJwFlfuBOBYWFSzzbC110GvUrL29lIkqIzPLaHLVg+Xty6J7jqjUgv8Rlt7KNhwjyMDr4qmlV5w==",
      "dependencies": {
        "tslib": "^2.3.1"
      },
      "engines": {
        "node": ">=14.0.0"
      }
    },
    "node_modules/@prisma/client": {
      "version": "4.10.1",
      "resolved": "https://registry.npmjs.org/@prisma/client/-/client-4.10.1.tgz",
      "integrity": "sha512-VonXLJZybdt8e5XZH5vnIGCRNnIh6OMX1FS3H/yzMGLT3STj5TJ/OkMcednrvELgk8PK89Vo3aSh51MWNO0axA==",
      "hasInstallScript": true,
      "dependencies": {
        "@prisma/engines-version": "4.10.1-2.aead147aa326ccb985dcfed5b065b4fdabd44b19"
      },
      "engines": {
        "node": ">=14.17"
      },
      "peerDependencies": {
        "prisma": "*"
      },
      "peerDependenciesMeta": {
        "prisma": {
          "optional": true
        }
      }
    },
    "node_modules/@prisma/engines-version": {
      "version": "4.10.1-2.aead147aa326ccb985dcfed5b065b4fdabd44b19",
      "resolved": "https://registry.npmjs.org/@prisma/engines-version/-/engines-version-4.10.1-2.aead147aa326ccb985dcfed5b065b4fdabd44b19.tgz",
      "integrity": "sha512-tsjTho7laDhf9EJ9EnDxAPEf7yrigSMDhniXeU4YoWc7azHAs4GPxRi2P9LTFonmHkJLMOLjR77J1oIP8Ife1w=="
    },
    "node_modules/tslib": {
      "version": "2.5.0",
      "resolved": "https://registry.npmjs.org/tslib/-/tslib-2.5.0.tgz",
      "integrity": "sha512-336iVw3rtn2BUK7ORdIAHTyxHGRIHVReokCR3XjbckJMK7ms8FysBfhLR8IXnAgy7T0PTPNBWKiH514FOW/WSg=="
    }
  }
}
